
Microsoft Visual Studio Solution File, Format Version 12.00
# Visual Studio Version 16
VisualStudioVersion = 16.0.33027.164
MinimumVisualStudioVersion = 10.0.40219.1
Project("{FAE04EC0-301F-11D3-BF4B-00C04F79EFBC}") = "ProjectManagementAppLayer", "ProjectManagementAppLayer\ProjectManagementAppLayer.csproj", "{8EF0C526-D5CE-4F0B-92D7-F69BBFD7B996}"
EndProject
Project("{FAE04EC0-301F-11D3-BF4B-00C04F79EFBC}") = "ProjectManagementBusinessLayer", "ProjectManagementBusinessLayer\ProjectManagementBusinessLayer.csproj", "{A880C792-AD80-4E13-A1B0-2AAB60EB5EA9}"
EndProject
Global
	GlobalSection(SolutionConfigurationPlatforms) = preSolution
		Debug|Any CPU = Debug|Any CPU
		Release|Any CPU = Release|Any CPU
	EndGlobalSection
	GlobalSection(ProjectConfigurationPlatforms) = postSolution
		{8EF0C526-D5CE-4F0B-92D7-F69BBFD7B996}.Debug|Any CPU.ActiveCfg = Debug|Any CPU
		{8EF0C526-D5CE-4F0B-92D7-F69BBFD7B996}.Debug|Any CPU.Build.0 = Debug|Any CPU
		{8EF0C526-D5CE-4F0B-92D7-F69BBFD7B996}.Release|Any CPU.ActiveCfg = Release|Any CPU
		{8EF0C526-D5CE-4F0B-92D7-F69BBFD7B996}.Release|Any CPU.Build.0 = Release|Any CPU
		{A880C792-AD80-4E13-A1B0-2AAB60EB5EA9}.Debug|Any CPU.ActiveCfg = Debug|Any CPU
		{A880C792-AD80-4E13-A1B0-2AAB60EB5EA9}.Debug|Any CPU.Build.0 = Debug|Any CPU
		{A880C792-AD80-4E13-A1B0-2AAB60EB5EA9}.Release|Any CPU.ActiveCfg = Release|Any CPU
		{A880C792-AD80-4E13-A1B0-2AAB60EB5EA9}.Release|Any CPU.Build.0 = Release|Any CPU
	EndGlobalSection
	GlobalSection(SolutionProperties) = preSolution
		HideSolutionNode = FALSE
	EndGlobalSection
	GlobalSection(ExtensibilityGlobals) = postSolution
		SolutionGuid = {60D956A5-7A62-49EE-AE1F-110AD9BE9F47}
	EndGlobalSection
EndGlobal
